{
    "_readme": [
        "This file locks the dependencies of your project to a known state",
        "Read more about it at https://getcomposer.org/doc/01-basic-usage.md#installing-dependencies",
        "This file is @generated automatically"
    ],
    "content-hash": "c5b8e6afae227ba6774108d8bf6dc3e4",
    "packages": [
        {
            "name": "colinodell/json5",
            "version": "v3.0.0",
            "source": {
                "type": "git",
                "url": "https://github.com/colinodell/json5.git",
                "reference": "5724d21bc5c910c2560af1b8915f0cc0163579c8"
            },
            "dist": {
                "type": "zip",
                "url": "https://api.github.com/repos/colinodell/json5/zipball/5724d21bc5c910c2560af1b8915f0cc0163579c8",
                "reference": "5724d21bc5c910c2560af1b8915f0cc0163579c8",
                "shasum": ""
            },
            "require": {
                "ext-json": "*",
                "ext-mbstring": "*",
                "php": "^8.0"
            },
            "require-dev": {
                "mikehaertl/php-shellcommand": "^1.7.0",
                "phpstan/phpstan": "^1.10.57",
                "scrutinizer/ocular": "^1.9",
                "squizlabs/php_codesniffer": "^3.8.1",
                "symfony/finder": "^6.0|^7.0",
                "symfony/phpunit-bridge": "^7.0.3"
            },
            "bin": [
                "bin/json5"
            ],
            "type": "library",
            "extra": {
                "branch-alias": {
                    "dev-main": "4.0-dev"
                }
            },
            "autoload": {
                "files": [
                    "src/global.php"
                ],
                "psr-4": {
                    "ColinODell\\Json5\\": "src"
                }
            },
            "notification-url": "https://packagist.org/downloads/",
            "license": [
                "MIT"
            ],
            "authors": [
                {
                    "name": "Colin O'Dell",
                    "email": "colinodell@gmail.com",
                    "homepage": "https://www.colinodell.com",
                    "role": "Developer"
                }
            ],
            "description": "UTF-8 compatible JSON5 parser for PHP",
            "homepage": "https://github.com/colinodell/json5",
            "keywords": [
                "JSON5",
                "json",
                "json5_decode",
                "json_decode"
            ],
            "support": {
                "issues": "https://github.com/colinodell/json5/issues",
                "source": "https://github.com/colinodell/json5/tree/v3.0.0"
            },
            "funding": [
                {
                    "url": "https://www.colinodell.com/sponsor",
                    "type": "custom"
                },
                {
                    "url": "https://www.paypal.me/colinpodell/10.00",
                    "type": "custom"
                },
                {
                    "url": "https://github.com/colinodell",
                    "type": "github"
                },
                {
                    "url": "https://www.patreon.com/colinodell",
                    "type": "patreon"
                }
            ],
            "time": "2024-02-09T13:06:12+00:00"
        },
        {
            "name": "confetti-cms/foundation",
            "version": "v0.1.1",
            "source": {
                "type": "git",
                "url": "https://github.com/confetti-cms/foundation.git",
                "reference": "0097e2938548dcf5134d743912f53493a9423afb"
            },
            "dist": {
                "type": "zip",
                "url": "https://api.github.com/repos/confetti-cms/foundation/zipball/0097e2938548dcf5134d743912f53493a9423afb",
                "reference": "0097e2938548dcf5134d743912f53493a9423afb",
                "shasum": ""
            },
            "require": {
                "php": ">=8.1"
            },
            "require-dev": {
                "phpunit/phpunit": "^10.2"
            },
            "type": "library",
            "autoload": {
                "psr-4": {
                    "Confetti\\Foundation\\": "Src"
                }
            },
            "notification-url": "https://packagist.org/downloads/",
            "description": "This is a package for the foundation of the Confetti CMS. For example, it contains the abstract ORM classes.",
            "homepage": "https://confetti-cms.com",
            "keywords": [
                "Confetti",
                "blade",
                "cms",
                "php",
                "website"
            ],
            "support": {
                "issues": "https://github.com/confetti-cms/foundation/issues",
                "source": "https://github.com/confetti-cms/foundation/tree/v0.1.1"
            },
            "time": "2025-01-23T22:14:35+00:00"
        },
        {
            "name": "eftec/bladeone",
            "version": "4.17.1",
            "source": {
                "type": "git",
                "url": "https://github.com/EFTEC/BladeOne.git",
                "reference": "7f2bb41b7dfc8be16a83ea544ce0981c844f7ecc"
            },
            "dist": {
                "type": "zip",
                "url": "https://api.github.com/repos/EFTEC/BladeOne/zipball/7f2bb41b7dfc8be16a83ea544ce0981c844f7ecc",
                "reference": "7f2bb41b7dfc8be16a83ea544ce0981c844f7ecc",
                "shasum": ""
            },
            "require": {
                "ext-json": "*",
                "php": ">=7.4"
            },
            "require-dev": {
                "phpunit/phpunit": "^8.5.23"
            },
            "suggest": {
                "eftec/bladeonehtml": "Extension to create forms",
                "ext-mbstring": "This extension is used if it's active"
            },
            "bin": [
                "lib/bladeonecli"
            ],
            "type": "library",
            "autoload": {
                "psr-4": {
                    "eftec\\bladeone\\": "lib/"
                }
            },
            "notification-url": "https://packagist.org/downloads/",
            "license": [
                "MIT"
            ],
            "authors": [
                {
                    "name": "Jorge Patricio Castro Castillo",
                    "email": "jcastro@eftec.cl"
                }
            ],
            "description": "The standalone version Blade Template Engine from Laravel in a single php file",
            "homepage": "https://github.com/EFTEC/BladeOne",
            "keywords": [
                "blade",
                "php",
                "template",
                "templating",
                "view"
            ],
            "support": {
                "issues": "https://github.com/EFTEC/BladeOne/issues",
                "source": "https://github.com/EFTEC/BladeOne/tree/4.17.1"
            },
            "time": "2024-12-30T17:31:52+00:00"
        }
    ],
    "packages-dev": [],
    "aliases": [],
    "minimum-stability": "dev",
    "stability-flags": [],
    "prefer-stable": true,
    "prefer-lowest": false,
    "platform": {
        "ext-curl": "*"
    },
    "platform-dev": [],
    "plugin-api-version": "2.6.0"
}
