{
    "_readme": [
        "This file locks the dependencies of your project to a known state",
        "Read more about it at https://getcomposer.org/doc/01-basic-usage.md#installing-dependencies",
        "This file is @generated automatically"
    ],
    "content-hash": "90fd07ab229b6d91e3980103f000658a",
    "packages": [
        {
            "name": "colinodell/json5",
            "version": "v3.0.0",
            "source": {
                "type": "git",
                "url": "https://github.com/colinodell/json5.git",
                "reference": "5724d21bc5c910c2560af1b8915f0cc0163579c8"
            },
            "dist": {
                "type": "zip",
                "url": "https://api.github.com/repos/colinodell/json5/zipball/5724d21bc5c910c2560af1b8915f0cc0163579c8",
                "reference": "5724d21bc5c910c2560af1b8915f0cc0163579c8",
                "shasum": ""
            },
            "require": {
                "ext-json": "*",
                "ext-mbstring": "*",
                "php": "^8.0"
            },
            "require-dev": {
                "mikehaertl/php-shellcommand": "^1.7.0",
                "phpstan/phpstan": "^1.10.57",
                "scrutinizer/ocular": "^1.9",
                "squizlabs/php_codesniffer": "^3.8.1",
                "symfony/finder": "^6.0|^7.0",
                "symfony/phpunit-bridge": "^7.0.3"
            },
            "bin": [
                "bin/json5"
            ],
            "type": "library",
            "extra": {
                "branch-alias": {
                    "dev-main": "4.0-dev"
                }
            },
            "autoload": {
                "files": [
                    "src/global.php"
                ],
                "psr-4": {
                    "ColinODell\\Json5\\": "src"
                }
            },
            "notification-url": "https://packagist.org/downloads/",
            "license": [
                "MIT"
            ],
            "authors": [
                {
                    "name": "Colin O'Dell",
                    "email": "colinodell@gmail.com",
                    "homepage": "https://www.colinodell.com",
                    "role": "Developer"
                }
            ],
            "description": "UTF-8 compatible JSON5 parser for PHP",
            "homepage": "https://github.com/colinodell/json5",
            "keywords": [
                "JSON5",
                "json",
                "json5_decode",
                "json_decode"
            ],
            "support": {
                "issues": "https://github.com/colinodell/json5/issues",
                "source": "https://github.com/colinodell/json5/tree/v3.0.0"
            },
            "funding": [
                {
                    "url": "https://www.colinodell.com/sponsor",
                    "type": "custom"
                },
                {
                    "url": "https://www.paypal.me/colinpodell/10.00",
                    "type": "custom"
                },
                {
                    "url": "https://github.com/colinodell",
                    "type": "github"
                },
                {
                    "url": "https://www.patreon.com/colinodell",
                    "type": "patreon"
                }
            ],
            "time": "2024-02-09T13:06:12+00:00"
        },
        {
            "name": "confetti-cms/bool",
            "version": "dev-main",
            "dist": {
                "type": "path",
                "url": "pkg/confetti-cms/bool",
                "reference": "42309c00b33f6a9bf707b786cee592d1036e1a6c"
            },
            "type": "library",
            "autoload": {
                "psr-4": {
                    "ConfettiCms\\Bool\\": ""
                }
            },
            "transport-options": {
                "symlink": true,
                "relative": true
            }
        },
        {
            "name": "confetti-cms/content",
            "version": "dev-main",
            "dist": {
                "type": "path",
                "url": "pkg/confetti-cms/content",
                "reference": "ffc9e796ec8b02910829583b37f7965781facc24"
            },
            "type": "library",
            "autoload": {
                "psr-4": {
                    "ConfettiCms\\Content\\": ""
                }
            },
            "transport-options": {
                "symlink": true,
                "relative": true
            }
        },
        {
            "name": "confetti-cms/discussion",
            "version": "dev-main",
            "dist": {
                "type": "path",
                "url": "pkg/confetti-cms/discussion",
                "reference": "a2c4a965d00b057a2a2c3ef8ff0ba508765b65fb"
            },
            "type": "library",
            "autoload": {
                "psr-4": {
                    "ConfettiCms\\Discussion\\": ""
                }
            },
            "transport-options": {
                "symlink": true,
                "relative": true
            }
        },
        {
            "name": "confetti-cms/form",
            "version": "dev-main",
            "dist": {
                "type": "path",
                "url": "pkg/confetti-cms/form",
                "reference": "26d434707705d884dd7314cce293bf9500d077f2"
            },
            "type": "library",
            "autoload": {
                "psr-4": {
                    "ConfettiCms\\Form\\": ""
                }
            },
            "transport-options": {
                "symlink": true,
                "relative": true
            }
        },
        {
            "name": "confetti-cms/foundation",
            "version": "dev-main",
            "dist": {
                "type": "path",
                "url": "pkg/confetti-cms/foundation",
                "reference": "c14740741459633000c7dba603bfdd9084a66c9b"
            },
            "require": {
                "colinodell/json5": "^3.0",
                "php": ">=8.1"
            },
            "require-dev": {
                "phpunit/phpunit": "^10.2"
            },
            "type": "library",
            "autoload": {
                "psr-4": {
                    "ConfettiCms\\Foundation\\": ""
                }
            },
            "description": "This is a package for the foundation of the Confetti CMS. For example, it contains the abstract ORM classes.",
            "homepage": "https://confetti-cms.com",
            "keywords": [
                "Blade",
                "CMS",
                "Confetti",
                "PHP",
                "Website"
            ],
            "transport-options": {
                "symlink": true,
                "relative": true
            }
        },
        {
            "name": "confetti-cms/hidden",
            "version": "dev-main",
            "dist": {
                "type": "path",
                "url": "pkg/confetti-cms/hidden",
                "reference": "55aac8cfa63780a28552e45a1ffc6d622db8bacc"
            },
            "type": "library",
            "autoload": {
                "psr-4": {
                    "ConfettiCms\\Hidden\\": ""
                }
            },
            "transport-options": {
                "symlink": true,
                "relative": true
            }
        },
        {
            "name": "confetti-cms/image",
            "version": "dev-main",
            "dist": {
                "type": "path",
                "url": "pkg/confetti-cms/image",
                "reference": "edaa7d7617c61c65a6de925bfe01222953c57bc8"
            },
            "type": "library",
            "autoload": {
                "psr-4": {
                    "ConfettiCms\\Image\\": ""
                }
            },
            "transport-options": {
                "symlink": true,
                "relative": true
            }
        },
        {
            "name": "confetti-cms/list",
            "version": "dev-main",
            "dist": {
                "type": "path",
                "url": "pkg/confetti-cms/list",
                "reference": "496c049fe93a5afeb5589df6b050ffe62c8a002e"
            },
            "type": "library",
            "autoload": {
                "psr-4": {
                    "ConfettiCms\\List\\": ""
                }
            },
            "transport-options": {
                "symlink": true,
                "relative": true
            }
        },
        {
            "name": "confetti-cms/select",
            "version": "dev-main",
            "dist": {
                "type": "path",
                "url": "pkg/confetti-cms/select",
                "reference": "0036abc4ee004bcf26a2686f84ddcd9633a26882"
            },
            "type": "library",
            "autoload": {
                "psr-4": {
                    "ConfettiCms\\Select\\": ""
                }
            },
            "transport-options": {
                "symlink": true,
                "relative": true
            }
        },
        {
            "name": "confetti-cms/select-file",
            "version": "dev-main",
            "dist": {
                "type": "path",
                "url": "pkg/confetti-cms/select-file",
                "reference": "2ecf19bc47151cbaef14de29aeb2f0281d38cda8"
            },
            "type": "library",
            "autoload": {
                "psr-4": {
                    "ConfettiCms\\SelectFile\\": ""
                }
            },
            "transport-options": {
                "symlink": true,
                "relative": true
            }
        },
        {
            "name": "confetti-cms/text",
            "version": "dev-main",
            "dist": {
                "type": "path",
                "url": "pkg/confetti-cms/text",
                "reference": "e8af4fab4d4ae213c231679ef52594df2b51b90c"
            },
            "type": "library",
            "autoload": {
                "psr-4": {
                    "ConfettiCms\\Text\\": ""
                }
            },
            "transport-options": {
                "symlink": true,
                "relative": true
            }
        },
        {
            "name": "eftec/bladeone",
            "version": "4.19",
            "source": {
                "type": "git",
                "url": "https://github.com/EFTEC/BladeOne.git",
                "reference": "3332fab956de4192ad28053f5d3849d983f5b568"
            },
            "dist": {
                "type": "zip",
                "url": "https://api.github.com/repos/EFTEC/BladeOne/zipball/3332fab956de4192ad28053f5d3849d983f5b568",
                "reference": "3332fab956de4192ad28053f5d3849d983f5b568",
                "shasum": ""
            },
            "require": {
                "ext-json": "*",
                "php": ">=7.4"
            },
            "require-dev": {
                "phpunit/phpunit": "^8.5.23"
            },
            "suggest": {
                "eftec/bladeonehtml": "Extension to create forms",
                "ext-mbstring": "This extension is used if it's active"
            },
            "bin": [
                "lib/bladeonecli"
            ],
            "type": "library",
            "autoload": {
                "psr-4": {
                    "eftec\\bladeone\\": "lib/"
                }
            },
            "notification-url": "https://packagist.org/downloads/",
            "license": [
                "MIT"
            ],
            "authors": [
                {
                    "name": "Jorge Patricio Castro Castillo",
                    "email": "jcastro@eftec.cl"
                }
            ],
            "description": "The standalone version Blade Template Engine from Laravel in a single php file",
            "homepage": "https://github.com/EFTEC/BladeOne",
            "keywords": [
                "blade",
                "php",
                "template",
                "templating",
                "view"
            ],
            "support": {
                "issues": "https://github.com/EFTEC/BladeOne/issues",
                "source": "https://github.com/EFTEC/BladeOne/tree/4.19"
            },
            "time": "2025-07-29T12:17:30+00:00"
        }
    ],
    "packages-dev": [],
    "aliases": [],
    "minimum-stability": "dev",
    "stability-flags": {},
    "prefer-stable": true,
    "prefer-lowest": false,
    "platform": {},
    "platform-dev": {},
    "plugin-api-version": "2.6.0"
}
